
Microsoft Visual Studio Solution File, Format Version 12.00
# Visual Studio Version 17
VisualStudioVersion = 17.2.32630.192
MinimumVisualStudioVersion = 10.0.40219.1
Project("{FAE04EC0-301F-11D3-BF4B-00C04F79EFBC}") = "CsharpV8ConsoleApp2", "CsharpV8ConsoleApp2\CsharpV8ConsoleApp2.csproj", "{D914660A-4CE8-4757-A10B-8DE2D64E67CF}"
EndProject
Global
	GlobalSection(SolutionConfigurationPlatforms) = preSolution
		Debug|Any CPU = Debug|Any CPU
		Release|Any CPU = Release|Any CPU
	EndGlobalSection
	GlobalSection(ProjectConfigurationPlatforms) = postSolution
		{D914660A-4CE8-4757-A10B-8DE2D64E67CF}.Debug|Any CPU.ActiveCfg = Debug|Any CPU
		{D914660A-4CE8-4757-A10B-8DE2D64E67CF}.Debug|Any CPU.Build.0 = Debug|Any CPU
		{D914660A-4CE8-4757-A10B-8DE2D64E67CF}.Release|Any CPU.ActiveCfg = Release|Any CPU
		{D914660A-4CE8-4757-A10B-8DE2D64E67CF}.Release|Any CPU.Build.0 = Release|Any CPU
	EndGlobalSection
	GlobalSection(SolutionProperties) = preSolution
		HideSolutionNode = FALSE
	EndGlobalSection
	GlobalSection(ExtensibilityGlobals) = postSolution
		SolutionGuid = {6CD23A51-A7C1-4F74-88F8-FA0620E04992}
	EndGlobalSection
EndGlobal
